
Microsoft Visual Studio Solution File, Format Version 12.00
# Visual Studio Version 17
VisualStudioVersion = 17.3.32825.248
MinimumVisualStudioVersion = 10.0.40219.1
Project("{FAE04EC0-301F-11D3-BF4B-00C04F79EFBC}") = "Data structures yay", "Data structures yay\Data structures yay.csproj", "{6076DA70-412E-428B-BB60-F79B8D124F6A}"
EndProject
Global
	GlobalSection(SolutionConfigurationPlatforms) = preSolution
		Debug|Any CPU = Debug|Any CPU
		Release|Any CPU = Release|Any CPU
	EndGlobalSection
	GlobalSection(ProjectConfigurationPlatforms) = postSolution
		{6076DA70-412E-428B-BB60-F79B8D124F6A}.Debug|Any CPU.ActiveCfg = Debug|Any CPU
		{6076DA70-412E-428B-BB60-F79B8D124F6A}.Debug|Any CPU.Build.0 = Debug|Any CPU
		{6076DA70-412E-428B-BB60-F79B8D124F6A}.Release|Any CPU.ActiveCfg = Release|Any CPU
		{6076DA70-412E-428B-BB60-F79B8D124F6A}.Release|Any CPU.Build.0 = Release|Any CPU
	EndGlobalSection
	GlobalSection(SolutionProperties) = preSolution
		HideSolutionNode = FALSE
	EndGlobalSection
	GlobalSection(ExtensibilityGlobals) = postSolution
		SolutionGuid = {4C1DDBF1-8A90-4F3A-805B-667A21AEF6D9}
	EndGlobalSection
EndGlobal
